
Microsoft Visual Studio Solution File, Format Version 12.00
# Visual Studio 14
VisualStudioVersion = 14.0.25123.0
MinimumVisualStudioVersion = 10.0.40219.1
Project("{D54D6DBF-10E4-437E-A5D5-6D2AE7746FD3}") = "Sitecore.Support.359989", "Sitecore.Support.359989\Sitecore.Support.359989.csproj", "{2B8A9D62-3F22-4979-AC0D-03A9C1B725E7}"
EndProject
Global
	GlobalSection(SolutionConfigurationPlatforms) = preSolution
		Debug|Any CPU = Debug|Any CPU
		Release|Any CPU = Release|Any CPU
	EndGlobalSection
	GlobalSection(ProjectConfigurationPlatforms) = postSolution
		{2B8A9D62-3F22-4979-AC0D-03A9C1B725E7}.Debug|Any CPU.ActiveCfg = Debug|Any CPU
		{2B8A9D62-3F22-4979-AC0D-03A9C1B725E7}.Debug|Any CPU.Build.0 = Debug|Any CPU
		{2B8A9D62-3F22-4979-AC0D-03A9C1B725E7}.Release|Any CPU.ActiveCfg = Release|Any CPU
		{2B8A9D62-3F22-4979-AC0D-03A9C1B725E7}.Release|Any CPU.Build.0 = Release|Any CPU
	EndGlobalSection
	GlobalSection(SolutionProperties) = preSolution
		HideSolutionNode = FALSE
	EndGlobalSection
EndGlobal
